
Microsoft Visual Studio Solution File, Format Version 12.00
# Visual Studio Version 16
VisualStudioVersion = 16.0.30011.22
MinimumVisualStudioVersion = 10.0.40219.1
Project("{FAE04EC0-301F-11D3-BF4B-00C04F79EFBC}") = "AverageCredit", "AverageCredit\AverageCredit.csproj", "{CED8DBF8-D07E-4B9E-B5F9-84625AAE16D8}"
EndProject
Global
	GlobalSection(SolutionConfigurationPlatforms) = preSolution
		Debug|Any CPU = Debug|Any CPU
		Release|Any CPU = Release|Any CPU
	EndGlobalSection
	GlobalSection(ProjectConfigurationPlatforms) = postSolution
		{CED8DBF8-D07E-4B9E-B5F9-84625AAE16D8}.Debug|Any CPU.ActiveCfg = Debug|Any CPU
		{CED8DBF8-D07E-4B9E-B5F9-84625AAE16D8}.Debug|Any CPU.Build.0 = Debug|Any CPU
		{CED8DBF8-D07E-4B9E-B5F9-84625AAE16D8}.Release|Any CPU.ActiveCfg = Release|Any CPU
		{CED8DBF8-D07E-4B9E-B5F9-84625AAE16D8}.Release|Any CPU.Build.0 = Release|Any CPU
	EndGlobalSection
	GlobalSection(SolutionProperties) = preSolution
		HideSolutionNode = FALSE
	EndGlobalSection
	GlobalSection(ExtensibilityGlobals) = postSolution
		SolutionGuid = {A20DC231-2D21-4B0E-AD1F-16A64D197D5F}
	EndGlobalSection
EndGlobal
